{
    "_readme": [
        "This file locks the dependencies of your project to a known state",
        "Read more about it at https://getcomposer.org/doc/01-basic-usage.md#installing-dependencies",
        "This file is @generated automatically"
    ],
    "content-hash": "666fe15391c2caca67eb8267bcf17ada",
    "packages": [
        {
            "name": "jordan/http-routes",
            "version": "dev-master",
            "source": {
                "type": "git",
                "url": "https://github.com/jordanAlmeida66/htttp-routes.git",
                "reference": "d5c702d2eb05070ab765864f6f776ae63ee60d88"
            },
            "dist": {
                "type": "zip",
                "url": "https://api.github.com/repos/jordanAlmeida66/htttp-routes/zipball/d5c702d2eb05070ab765864f6f776ae63ee60d88",
                "reference": "d5c702d2eb05070ab765864f6f776ae63ee60d88",
                "shasum": ""
            },
            "default-branch": true,
            "type": "library",
            "autoload": {
                "psr-4": {
                    "HttpRoutes\\": "src/"
                }
            },
            "notification-url": "https://packagist.org/downloads/",
            "license": [
                "MIT"
            ],
            "authors": [
                {
                    "name": "jordanAlmeida66",
                    "email": "jordansantos4254@gmail.com"
                }
            ],
            "description": "abstração de rotas http com url amigável",
            "support": {
                "issues": "https://github.com/jordanAlmeida66/htttp-routes/issues",
                "source": "https://github.com/jordanAlmeida66/htttp-routes/tree/master"
            },
            "time": "2022-04-16T14:18:44+00:00"
        }
    ],
    "packages-dev": [],
    "aliases": [],
    "minimum-stability": "stable",
    "stability-flags": {
        "jordan/http-routes": 20
    },
    "prefer-stable": false,
    "prefer-lowest": false,
    "platform": [],
    "platform-dev": [],
    "plugin-api-version": "2.0.0"
}
